// !$*UTF8*$!
{
	archiveVersion = 1;
	classes = {
	};
	objectVersion = 55;
	objects = {

/* Begin PBXBuildFile section */
		AB8C60A4274F7C13001DB454 /* piax25novApp.swift in Sources */ = {isa = PBXBuildFile; fileRef = AB8C60A3274F7C13001DB454 /* piax25novApp.swift */; };
		AB8C60A6274F7C13001DB454 /* ContentView.swift in Sources */ = {isa = PBXBuildFile; fileRef = AB8C60A5274F7C13001DB454 /* ContentView.swift */; };
		AB8C60A8274F7C15001DB454 /* Assets.xcassets in Resources */ = {isa = PBXBuildFile; fileRef = AB8C60A7274F7C15001DB454 /* Assets.xcassets */; };
		AB8C60AB274F7C15001DB454 /* Preview Assets.xcassets in Resources */ = {isa = PBXBuildFile; fileRef = AB8C60AA274F7C15001DB454 /* Preview Assets.xcassets */; };
		AB8C60B2274F8461001DB454 /* OtherView.swift in Sources */ = {isa = PBXBuildFile; fileRef = AB8C60B1274F8461001DB454 /* OtherView.swift */; };
		AB8C60B4274F8D18001DB454 /* GoogleService-Info.plist in Resources */ = {isa = PBXBuildFile; fileRef = AB8C60B3274F8D18001DB454 /* GoogleService-Info.plist */; };
		AB8C60BC274F933D001DB454 /* FirebaseAnalytics in Frameworks */ = {isa = PBXBuildFile; productRef = AB8C60BB274F933D001DB454 /* FirebaseAnalytics */; };
		AB8C60BE274F933D001DB454 /* FirebaseAuth in Frameworks */ = {isa = PBXBuildFile; productRef = AB8C60BD274F933D001DB454 /* FirebaseAuth */; };
		AB8C60C0274F933D001DB454 /* FirebaseDatabase in Frameworks */ = {isa = PBXBuildFile; productRef = AB8C60BF274F933D001DB454 /* FirebaseDatabase */; };
		AB8C60C2274F933D001DB454 /* FirebaseStorage in Frameworks */ = {isa = PBXBuildFile; productRef = AB8C60C1274F933D001DB454 /* FirebaseStorage */; };
		AB8C60C4274F964D001DB454 /* LoginView.swift in Sources */ = {isa = PBXBuildFile; fileRef = AB8C60C3274F964D001DB454 /* LoginView.swift */; };
/* End PBXBuildFile section */

/* Begin PBXFileReference section */
		AB8C60A0274F7C13001DB454 /* piax25nov.app */ = {isa = PBXFileReference; explicitFileType = wrapper.application; includeInIndex = 0; path = piax25nov.app; sourceTree = BUILT_PRODUCTS_DIR; };
		AB8C60A3274F7C13001DB454 /* piax25novApp.swift */ = {isa = PBXFileReference; lastKnownFileType = sourcecode.swift; path = piax25novApp.swift; sourceTree = "<group>"; };
		AB8C60A5274F7C13001DB454 /* ContentView.swift */ = {isa = PBXFileReference; lastKnownFileType = sourcecode.swift; path = ContentView.swift; sourceTree = "<group>"; };
		AB8C60A7274F7C15001DB454 /* Assets.xcassets */ = {isa = PBXFileReference; lastKnownFileType = folder.assetcatalog; path = Assets.xcassets; sourceTree = "<group>"; };
		AB8C60AA274F7C15001DB454 /* Preview Assets.xcassets */ = {isa = PBXFileReference; lastKnownFileType = folder.assetcatalog; path = "Preview Assets.xcassets"; sourceTree = "<group>"; };
		AB8C60B1274F8461001DB454 /* OtherView.swift */ = {isa = PBXFileReference; lastKnownFileType = sourcecode.swift; path = OtherView.swift; sourceTree = "<group>"; };
		AB8C60B3274F8D18001DB454 /* GoogleService-Info.plist */ = {isa = PBXFileReference; fileEncoding = 4; lastKnownFileType = text.plist.xml; path = "GoogleService-Info.plist"; sourceTree = "<group>"; };
		AB8C60C3274F964D001DB454 /* LoginView.swift */ = {isa = PBXFileReference; lastKnownFileType = sourcecode.swift; path = LoginView.swift; sourceTree = "<group>"; };
/* End PBXFileReference section */

/* Begin PBXFrameworksBuildPhase section */
		AB8C609D274F7C13001DB454 /* Frameworks */ = {
			isa = PBXFrameworksBuildPhase;
			buildActionMask = 2147483647;
			files = (
				AB8C60C0274F933D001DB454 /* FirebaseDatabase in Frameworks */,
				AB8C60C2274F933D001DB454 /* FirebaseStorage in Frameworks */,
				AB8C60BC274F933D001DB454 /* FirebaseAnalytics in Frameworks */,
				AB8C60BE274F933D001DB454 /* FirebaseAuth in Frameworks */,
			);
			runOnlyForDeploymentPostprocessing = 0;
		};
/* End PBXFrameworksBuildPhase section */

/* Begin PBXGroup section */
		AB8C6097274F7C13001DB454 = {
			isa = PBXGroup;
			children = (
				AB8C60A2274F7C13001DB454 /* piax25nov */,
				AB8C60A1274F7C13001DB454 /* Products */,
			);
			sourceTree = "<group>";
		};
		AB8C60A1274F7C13001DB454 /* Products */ = {
			isa = PBXGroup;
			children = (
				AB8C60A0274F7C13001DB454 /* piax25nov.app */,
			);
			name = Products;
			sourceTree = "<group>";
		};
		AB8C60A2274F7C13001DB454 /* piax25nov */ = {
			isa = PBXGroup;
			children = (
				AB8C60B3274F8D18001DB454 /* GoogleService-Info.plist */,
				AB8C60A3274F7C13001DB454 /* piax25novApp.swift */,
				AB8C60B1274F8461001DB454 /* OtherView.swift */,
				AB8C60A5274F7C13001DB454 /* ContentView.swift */,
				AB8C60C3274F964D001DB454 /* LoginView.swift */,
				AB8C60A7274F7C15001DB454 /* Assets.xcassets */,
				AB8C60A9274F7C15001DB454 /* Preview Content */,
			);
			path = piax25nov;
			sourceTree = "<group>";
		};
		AB8C60A9274F7C15001DB454 /* Preview Content */ = {
			isa = PBXGroup;
			children = (
				AB8C60AA274F7C15001DB454 /* Preview Assets.xcassets */,
			);
			path = "Preview Content";
			sourceTree = "<group>";
		};
/* End PBXGroup section */

/* Begin PBXNativeTarget section */
		AB8C609F274F7C13001DB454 /* piax25nov */ = {
			isa = PBXNativeTarget;
			buildConfigurationList = AB8C60AE274F7C15001DB454 /* Build configuration list for PBXNativeTarget "piax25nov" */;
			buildPhases = (
				AB8C609C274F7C13001DB454 /* Sources */,
				AB8C609D274F7C13001DB454 /* Frameworks */,
				AB8C609E274F7C13001DB454 /* Resources */,
			);
			buildRules = (
			);
			dependencies = (
			);
			name = piax25nov;
			packageProductDependencies = (
				AB8C60BB274F933D001DB454 /* FirebaseAnalytics */,
				AB8C60BD274F933D001DB454 /* FirebaseAuth */,
				AB8C60BF274F933D001DB454 /* FirebaseDatabase */,
				AB8C60C1274F933D001DB454 /* FirebaseStorage */,
			);
			productName = piax25nov;
			productReference = AB8C60A0274F7C13001DB454 /* piax25nov.app */;
			productType = "com.apple.product-type.application";
		};
/* End PBXNativeTarget section */

/* Begin PBXProject section */
		AB8C6098274F7C13001DB454 /* Project object */ = {
			isa = PBXProject;
			attributes = {
				BuildIndependentTargetsInParallel = 1;
				LastSwiftUpdateCheck = 1310;
				LastUpgradeCheck = 1310;
				TargetAttributes = {
					AB8C609F274F7C13001DB454 = {
						CreatedOnToolsVersion = 13.1;
					};
				};
			};
			buildConfigurationList = AB8C609B274F7C13001DB454 /* Build configuration list for PBXProject "piax25nov" */;
			compatibilityVersion = "Xcode 13.0";
			developmentRegion = en;
			hasScannedForEncodings = 0;
			knownRegions = (
				en,
				Base,
			);
			mainGroup = AB8C6097274F7C13001DB454;
			packageReferences = (
				AB8C60BA274F933D001DB454 /* XCRemoteSwiftPackageReference "firebase-ios-sdk" */,
			);
			productRefGroup = AB8C60A1274F7C13001DB454 /* Products */;
			projectDirPath = "";
			projectRoot = "";
			targets = (
				AB8C609F274F7C13001DB454 /* piax25nov */,
			);
		};
/* End PBXProject section */

/* Begin PBXResourcesBuildPhase section */
		AB8C609E274F7C13001DB454 /* Resources */ = {
			isa = PBXResourcesBuildPhase;
			buildActionMask = 2147483647;
			files = (
				AB8C60AB274F7C15001DB454 /* Preview Assets.xcassets in Resources */,
				AB8C60A8274F7C15001DB454 /* Assets.xcassets in Resources */,
				AB8C60B4274F8D18001DB454 /* GoogleService-Info.plist in Resources */,
			);
			runOnlyForDeploymentPostprocessing = 0;
		};
/* End PBXResourcesBuildPhase section */

/* Begin PBXSourcesBuildPhase section */
		AB8C609C274F7C13001DB454 /* Sources */ = {
			isa = PBXSourcesBuildPhase;
			buildActionMask = 2147483647;
			files = (
				AB8C60A6274F7C13001DB454 /* ContentView.swift in Sources */,
				AB8C60A4274F7C13001DB454 /* piax25novApp.swift in Sources */,
				AB8C60C4274F964D001DB454 /* LoginView.swift in Sources */,
				AB8C60B2274F8461001DB454 /* OtherView.swift in Sources */,
			);
			runOnlyForDeploymentPostprocessing = 0;
		};
/* End PBXSourcesBuildPhase section */

/* Begin XCBuildConfiguration section */
		AB8C60AC274F7C15001DB454 /* Debug */ = {
			isa = XCBuildConfiguration;
			buildSettings = {
				ALWAYS_SEARCH_USER_PATHS = NO;
				CLANG_ANALYZER_NONNULL = YES;
				CLANG_ANALYZER_NUMBER_OBJECT_CONVERSION = YES_AGGRESSIVE;
				CLANG_CXX_LANGUAGE_STANDARD = "gnu++17";
				CLANG_CXX_LIBRARY = "libc++";
				CLANG_ENABLE_MODULES = YES;
				CLANG_ENABLE_OBJC_ARC = YES;
				CLANG_ENABLE_OBJC_WEAK = YES;
				CLANG_WARN_BLOCK_CAPTURE_AUTORELEASING = YES;
				CLANG_WARN_BOOL_CONVERSION = YES;
				CLANG_WARN_COMMA = YES;
				CLANG_WARN_CONSTANT_CONVERSION = YES;
				CLANG_WARN_DEPRECATED_OBJC_IMPLEMENTATIONS = YES;
				CLANG_WARN_DIRECT_OBJC_ISA_USAGE = YES_ERROR;
				CLANG_WARN_DOCUMENTATION_COMMENTS = YES;
				CLANG_WARN_EMPTY_BODY = YES;
				CLANG_WARN_ENUM_CONVERSION = YES;
				CLANG_WARN_INFINITE_RECURSION = YES;
				CLANG_WARN_INT_CONVERSION = YES;
				CLANG_WARN_NON_LITERAL_NULL_CONVERSION = YES;
				CLANG_WARN_OBJC_IMPLICIT_RETAIN_SELF = YES;
				CLANG_WARN_OBJC_LITERAL_CONVERSION = YES;
				CLANG_WARN_OBJC_ROOT_CLASS = YES_ERROR;
				CLANG_WARN_QUOTED_INCLUDE_IN_FRAMEWORK_HEADER = YES;
				CLANG_WARN_RANGE_LOOP_ANALYSIS = YES;
				CLANG_WARN_STRICT_PROTOTYPES = YES;
				CLANG_WARN_SUSPICIOUS_MOVE = YES;
				CLANG_WARN_UNGUARDED_AVAILABILITY = YES_AGGRESSIVE;
				CLANG_WARN_UNREACHABLE_CODE = YES;
				CLANG_WARN__DUPLICATE_METHOD_MATCH = YES;
				COPY_PHASE_STRIP = NO;
				DEBUG_INFORMATION_FORMAT = dwarf;
				ENABLE_STRICT_OBJC_MSGSEND = YES;
				ENABLE_TESTABILITY = YES;
				GCC_C_LANGUAGE_STANDARD = gnu11;
				GCC_DYNAMIC_NO_PIC = NO;
				GCC_NO_COMMON_BLOCKS = YES;
				GCC_OPTIMIZATION_LEVEL = 0;
				GCC_PREPROCESSOR_DEFINITIONS = (
					"DEBUG=1",
					"$(inherited)",
				);
				GCC_WARN_64_TO_32_BIT_CONVERSION = YES;
				GCC_WARN_ABOUT_RETURN_TYPE = YES_ERROR;
				GCC_WARN_UNDECLARED_SELECTOR = YES;
				GCC_WARN_UNINITIALIZED_AUTOS = YES_AGGRESSIVE;
				GCC_WARN_UNUSED_FUNCTION = YES;
				GCC_WARN_UNUSED_VARIABLE = YES;
				IPHONEOS_DEPLOYMENT_TARGET = 15.0;
				MTL_ENABLE_DEBUG_INFO = INCLUDE_SOURCE;
				MTL_FAST_MATH = YES;
				ONLY_ACTIVE_ARCH = YES;
				SDKROOT = iphoneos;
				SWIFT_ACTIVE_COMPILATION_CONDITIONS = DEBUG;
				SWIFT_OPTIMIZATION_LEVEL = "-Onone";
			};
			name = Debug;
		};
		AB8C60AD274F7C15001DB454 /* Release */ = {
			isa = XCBuildConfiguration;
			buildSettings = {
				ALWAYS_SEARCH_USER_PATHS = NO;
				CLANG_ANALYZER_NONNULL = YES;
				CLANG_ANALYZER_NUMBER_OBJECT_CONVERSION = YES_AGGRESSIVE;
				CLANG_CXX_LANGUAGE_STANDARD = "gnu++17";
				CLANG_CXX_LIBRARY = "libc++";
				CLANG_ENABLE_MODULES = YES;
				CLANG_ENABLE_OBJC_ARC = YES;
				CLANG_ENABLE_OBJC_WEAK = YES;
				CLANG_WARN_BLOCK_CAPTURE_AUTORELEASING = YES;
				CLANG_WARN_BOOL_CONVERSION = YES;
				CLANG_WARN_COMMA = YES;
				CLANG_WARN_CONSTANT_CONVERSION = YES;
				CLANG_WARN_DEPRECATED_OBJC_IMPLEMENTATIONS = YES;
				CLANG_WARN_DIRECT_OBJC_ISA_USAGE = YES_ERROR;
				CLANG_WARN_DOCUMENTATION_COMMENTS = YES;
				CLANG_WARN_EMPTY_BODY = YES;
				CLANG_WARN_ENUM_CONVERSION = YES;
				CLANG_WARN_INFINITE_RECURSION = YES;
				CLANG_WARN_INT_CONVERSION = YES;
				CLANG_WARN_NON_LITERAL_NULL_CONVERSION = YES;
				CLANG_WARN_OBJC_IMPLICIT_RETAIN_SELF = YES;
				CLANG_WARN_OBJC_LITERAL_CONVERSION = YES;
				CLANG_WARN_OBJC_ROOT_CLASS = YES_ERROR;
				CLANG_WARN_QUOTED_INCLUDE_IN_FRAMEWORK_HEADER = YES;
				CLANG_WARN_RANGE_LOOP_ANALYSIS = YES;
				CLANG_WARN_STRICT_PROTOTYPES = YES;
				CLANG_WARN_SUSPICIOUS_MOVE = YES;
				CLANG_WARN_UNGUARDED_AVAILABILITY = YES_AGGRESSIVE;
				CLANG_WARN_UNREACHABLE_CODE = YES;
				CLANG_WARN__DUPLICATE_METHOD_MATCH = YES;
				COPY_PHASE_STRIP = NO;
				DEBUG_INFORMATION_FORMAT = "dwarf-with-dsym";
				ENABLE_NS_ASSERTIONS = NO;
				ENABLE_STRICT_OBJC_MSGSEND = YES;
				GCC_C_LANGUAGE_STANDARD = gnu11;
				GCC_NO_COMMON_BLOCKS = YES;
				GCC_WARN_64_TO_32_BIT_CONVERSION = YES;
				GCC_WARN_ABOUT_RETURN_TYPE = YES_ERROR;
				GCC_WARN_UNDECLARED_SELECTOR = YES;
				GCC_WARN_UNINITIALIZED_AUTOS = YES_AGGRESSIVE;
				GCC_WARN_UNUSED_FUNCTION = YES;
				GCC_WARN_UNUSED_VARIABLE = YES;
				IPHONEOS_DEPLOYMENT_TARGET = 15.0;
				MTL_ENABLE_DEBUG_INFO = NO;
				MTL_FAST_MATH = YES;
				SDKROOT = iphoneos;
				SWIFT_COMPILATION_MODE = wholemodule;
				SWIFT_OPTIMIZATION_LEVEL = "-O";
				VALIDATE_PRODUCT = YES;
			};
			name = Release;
		};
		AB8C60AF274F7C15001DB454 /* Debug */ = {
			isa = XCBuildConfiguration;
			buildSettings = {
				ASSETCATALOG_COMPILER_APPICON_NAME = AppIcon;
				ASSETCATALOG_COMPILER_GLOBAL_ACCENT_COLOR_NAME = AccentColor;
				CODE_SIGN_STYLE = Automatic;
				CURRENT_PROJECT_VERSION = 1;
				DEVELOPMENT_ASSET_PATHS = "\"piax25nov/Preview Content\"";
				DEVELOPMENT_TEAM = 6SGQZ32758;
				ENABLE_PREVIEWS = YES;
				GENERATE_INFOPLIST_FILE = YES;
				INFOPLIST_KEY_UIApplicationSceneManifest_Generation = YES;
				INFOPLIST_KEY_UIApplicationSupportsIndirectInputEvents = YES;
				INFOPLIST_KEY_UILaunchScreen_Generation = YES;
				INFOPLIST_KEY_UISupportedInterfaceOrientations_iPad = "UIInterfaceOrientationPortrait UIInterfaceOrientationPortraitUpsideDown UIInterfaceOrientationLandscapeLeft UIInterfaceOrientationLandscapeRight";
				INFOPLIST_KEY_UISupportedInterfaceOrientations_iPhone = "UIInterfaceOrientationPortrait UIInterfaceOrientationLandscapeLeft UIInterfaceOrientationLandscapeRight";
				LD_RUNPATH_SEARCH_PATHS = (
					"$(inherited)",
					"@executable_path/Frameworks",
				);
				MARKETING_VERSION = 1.0;
				PRODUCT_BUNDLE_IDENTIFIER = se.magictechnology.piax25nov;
				PRODUCT_NAME = "$(TARGET_NAME)";
				SWIFT_EMIT_LOC_STRINGS = YES;
				SWIFT_VERSION = 5.0;
				TARGETED_DEVICE_FAMILY = "1,2";
			};
			name = Debug;
		};
		AB8C60B0274F7C15001DB454 /* Release */ = {
			isa = XCBuildConfiguration;
			buildSettings = {
				ASSETCATALOG_COMPILER_APPICON_NAME = AppIcon;
				ASSETCATALOG_COMPILER_GLOBAL_ACCENT_COLOR_NAME = AccentColor;
				CODE_SIGN_STYLE = Automatic;
				CURRENT_PROJECT_VERSION = 1;
				DEVELOPMENT_ASSET_PATHS = "\"piax25nov/Preview Content\"";
				DEVELOPMENT_TEAM = 6SGQZ32758;
				ENABLE_PREVIEWS = YES;
				GENERATE_INFOPLIST_FILE = YES;
				INFOPLIST_KEY_UIApplicationSceneManifest_Generation = YES;
				INFOPLIST_KEY_UIApplicationSupportsIndirectInputEvents = YES;
				INFOPLIST_KEY_UILaunchScreen_Generation = YES;
				INFOPLIST_KEY_UISupportedInterfaceOrientations_iPad = "UIInterfaceOrientationPortrait UIInterfaceOrientationPortraitUpsideDown UIInterfaceOrientationLandscapeLeft UIInterfaceOrientationLandscapeRight";
				INFOPLIST_KEY_UISupportedInterfaceOrientations_iPhone = "UIInterfaceOrientationPortrait UIInterfaceOrientationLandscapeLeft UIInterfaceOrientationLandscapeRight";
				LD_RUNPATH_SEARCH_PATHS = (
					"$(inherited)",
					"@executable_path/Frameworks",
				);
				MARKETING_VERSION = 1.0;
				PRODUCT_BUNDLE_IDENTIFIER = se.magictechnology.piax25nov;
				PRODUCT_NAME = "$(TARGET_NAME)";
				SWIFT_EMIT_LOC_STRINGS = YES;
				SWIFT_VERSION = 5.0;
				TARGETED_DEVICE_FAMILY = "1,2";
			};
			name = Release;
		};
/* End XCBuildConfiguration section */

/* Begin XCConfigurationList section */
		AB8C609B274F7C13001DB454 /* Build configuration list for PBXProject "piax25nov" */ = {
			isa = XCConfigurationList;
			buildConfigurations = (
				AB8C60AC274F7C15001DB454 /* Debug */,
				AB8C60AD274F7C15001DB454 /* Release */,
			);
			defaultConfigurationIsVisible = 0;
			defaultConfigurationName = Release;
		};
		AB8C60AE274F7C15001DB454 /* Build configuration list for PBXNativeTarget "piax25nov" */ = {
			isa = XCConfigurationList;
			buildConfigurations = (
				AB8C60AF274F7C15001DB454 /* Debug */,
				AB8C60B0274F7C15001DB454 /* Release */,
			);
			defaultConfigurationIsVisible = 0;
			defaultConfigurationName = Release;
		};
/* End XCConfigurationList section */

/* Begin XCRemoteSwiftPackageReference section */
		AB8C60BA274F933D001DB454 /* XCRemoteSwiftPackageReference "firebase-ios-sdk" */ = {
			isa = XCRemoteSwiftPackageReference;
			repositoryURL = "https://github.com/firebase/firebase-ios-sdk.git";
			requirement = {
				branch = master;
				kind = branch;
			};
		};
/* End XCRemoteSwiftPackageReference section */

/* Begin XCSwiftPackageProductDependency section */
		AB8C60BB274F933D001DB454 /* FirebaseAnalytics */ = {
			isa = XCSwiftPackageProductDependency;
			package = AB8C60BA274F933D001DB454 /* XCRemoteSwiftPackageReference "firebase-ios-sdk" */;
			productName = FirebaseAnalytics;
		};
		AB8C60BD274F933D001DB454 /* FirebaseAuth */ = {
			isa = XCSwiftPackageProductDependency;
			package = AB8C60BA274F933D001DB454 /* XCRemoteSwiftPackageReference "firebase-ios-sdk" */;
			productName = FirebaseAuth;
		};
		AB8C60BF274F933D001DB454 /* FirebaseDatabase */ = {
			isa = XCSwiftPackageProductDependency;
			package = AB8C60BA274F933D001DB454 /* XCRemoteSwiftPackageReference "firebase-ios-sdk" */;
			productName = FirebaseDatabase;
		};
		AB8C60C1274F933D001DB454 /* FirebaseStorage */ = {
			isa = XCSwiftPackageProductDependency;
			package = AB8C60BA274F933D001DB454 /* XCRemoteSwiftPackageReference "firebase-ios-sdk" */;
			productName = FirebaseStorage;
		};
/* End XCSwiftPackageProductDependency section */
	};
	rootObject = AB8C6098274F7C13001DB454 /* Project object */;
}
